
Microsoft Visual Studio Solution File, Format Version 12.00
# Visual Studio Version 16
VisualStudioVersion = 16.0.29424.173
MinimumVisualStudioVersion = 10.0.40219.1
Project("{FAE04EC0-301F-11D3-BF4B-00C04F79EFBC}") = "TestesLottie.UWP", "TestesLottie\TestesLottie.UWP\TestesLottie.UWP.csproj", "{E0C7E10A-AE1A-4933-A93C-8425E4128B31}"
EndProject
Project("{FAE04EC0-301F-11D3-BF4B-00C04F79EFBC}") = "TestesLottie.Android", "TestesLottie\TestesLottie.Android\TestesLottie.Android.csproj", "{F48C9DF2-01BB-47E3-B970-0546D3F579ED}"
EndProject
Project("{FAE04EC0-301F-11D3-BF4B-00C04F79EFBC}") = "TestesLottie.iOS", "TestesLottie\TestesLottie.iOS\TestesLottie.iOS.csproj", "{801FE014-13E1-46B3-BDF6-1B89101CABEA}"
EndProject
Project("{FAE04EC0-301F-11D3-BF4B-00C04F79EFBC}") = "TestesLottie", "TestesLottie\TestesLottie\TestesLottie.csproj", "{E024D6AC-AC76-48BE-A274-9EDCFD7BB0AF}"
EndProject
Global
	GlobalSection(SolutionConfigurationPlatforms) = preSolution
		Debug|Any CPU = Debug|Any CPU
		Debug|ARM = Debug|ARM
		Debug|iPhone = Debug|iPhone
		Debug|iPhoneSimulator = Debug|iPhoneSimulator
		Debug|x64 = Debug|x64
		Debug|x86 = Debug|x86
		Release|Any CPU = Release|Any CPU
		Release|ARM = Release|ARM
		Release|iPhone = Release|iPhone
		Release|iPhoneSimulator = Release|iPhoneSimulator
		Release|x64 = Release|x64
		Release|x86 = Release|x86
	EndGlobalSection
	GlobalSection(ProjectConfigurationPlatforms) = postSolution
		{E0C7E10A-AE1A-4933-A93C-8425E4128B31}.Debug|Any CPU.ActiveCfg = Debug|x86
		{E0C7E10A-AE1A-4933-A93C-8425E4128B31}.Debug|Any CPU.Build.0 = Debug|x86
		{E0C7E10A-AE1A-4933-A93C-8425E4128B31}.Debug|Any CPU.Deploy.0 = Debug|x86
		{E0C7E10A-AE1A-4933-A93C-8425E4128B31}.Debug|ARM.ActiveCfg = Debug|ARM
		{E0C7E10A-AE1A-4933-A93C-8425E4128B31}.Debug|ARM.Build.0 = Debug|ARM
		{E0C7E10A-AE1A-4933-A93C-8425E4128B31}.Debug|ARM.Deploy.0 = Debug|ARM
		{E0C7E10A-AE1A-4933-A93C-8425E4128B31}.Debug|iPhone.ActiveCfg = Debug|x86
		{E0C7E10A-AE1A-4933-A93C-8425E4128B31}.Debug|iPhone.Build.0 = Debug|x86
		{E0C7E10A-AE1A-4933-A93C-8425E4128B31}.Debug|iPhone.Deploy.0 = Debug|x86
		{E0C7E10A-AE1A-4933-A93C-8425E4128B31}.Debug|iPhoneSimulator.ActiveCfg = Debug|x86
		{E0C7E10A-AE1A-4933-A93C-8425E4128B31}.Debug|iPhoneSimulator.Build.0 = Debug|x86
		{E0C7E10A-AE1A-4933-A93C-8425E4128B31}.Debug|iPhoneSimulator.Deploy.0 = Debug|x86
		{E0C7E10A-AE1A-4933-A93C-8425E4128B31}.Debug|x64.ActiveCfg = Debug|x64
		{E0C7E10A-AE1A-4933-A93C-8425E4128B31}.Debug|x64.Build.0 = Debug|x64
		{E0C7E10A-AE1A-4933-A93C-8425E4128B31}.Debug|x64.Deploy.0 = Debug|x64
		{E0C7E10A-AE1A-4933-A93C-8425E4128B31}.Debug|x86.ActiveCfg = Debug|x86
		{E0C7E10A-AE1A-4933-A93C-8425E4128B31}.Debug|x86.Build.0 = Debug|x86
		{E0C7E10A-AE1A-4933-A93C-8425E4128B31}.Debug|x86.Deploy.0 = Debug|x86
		{E0C7E10A-AE1A-4933-A93C-8425E4128B31}.Release|Any CPU.ActiveCfg = Release|x86
		{E0C7E10A-AE1A-4933-A93C-8425E4128B31}.Release|Any CPU.Build.0 = Release|x86
		{E0C7E10A-AE1A-4933-A93C-8425E4128B31}.Release|Any CPU.Deploy.0 = Release|x86
		{E0C7E10A-AE1A-4933-A93C-8425E4128B31}.Release|ARM.ActiveCfg = Release|ARM
		{E0C7E10A-AE1A-4933-A93C-8425E4128B31}.Release|ARM.Build.0 = Release|ARM
		{E0C7E10A-AE1A-4933-A93C-8425E4128B31}.Release|ARM.Deploy.0 = Release|ARM
		{E0C7E10A-AE1A-4933-A93C-8425E4128B31}.Release|iPhone.ActiveCfg = Release|x86
		{E0C7E10A-AE1A-4933-A93C-8425E4128B31}.Release|iPhone.Build.0 = Release|x86
		{E0C7E10A-AE1A-4933-A93C-8425E4128B31}.Release|iPhone.Deploy.0 = Release|x86
		{E0C7E10A-AE1A-4933-A93C-8425E4128B31}.Release|iPhoneSimulator.ActiveCfg = Release|x86
		{E0C7E10A-AE1A-4933-A93C-8425E4128B31}.Release|iPhoneSimulator.Build.0 = Release|x86
		{E0C7E10A-AE1A-4933-A93C-8425E4128B31}.Release|iPhoneSimulator.Deploy.0 = Release|x86
		{E0C7E10A-AE1A-4933-A93C-8425E4128B31}.Release|x64.ActiveCfg = Release|x64
		{E0C7E10A-AE1A-4933-A93C-8425E4128B31}.Release|x64.Build.0 = Release|x64
		{E0C7E10A-AE1A-4933-A93C-8425E4128B31}.Release|x64.Deploy.0 = Release|x64
		{E0C7E10A-AE1A-4933-A93C-8425E4128B31}.Release|x86.ActiveCfg = Release|x86
		{E0C7E10A-AE1A-4933-A93C-8425E4128B31}.Release|x86.Build.0 = Release|x86
		{E0C7E10A-AE1A-4933-A93C-8425E4128B31}.Release|x86.Deploy.0 = Release|x86
		{F48C9DF2-01BB-47E3-B970-0546D3F579ED}.Debug|Any CPU.ActiveCfg = Debug|Any CPU
		{F48C9DF2-01BB-47E3-B970-0546D3F579ED}.Debug|Any CPU.Build.0 = Debug|Any CPU
		{F48C9DF2-01BB-47E3-B970-0546D3F579ED}.Debug|Any CPU.Deploy.0 = Debug|Any CPU
		{F48C9DF2-01BB-47E3-B970-0546D3F579ED}.Debug|ARM.ActiveCfg = Debug|Any CPU
		{F48C9DF2-01BB-47E3-B970-0546D3F579ED}.Debug|ARM.Build.0 = Debug|Any CPU
		{F48C9DF2-01BB-47E3-B970-0546D3F579ED}.Debug|ARM.Deploy.0 = Debug|Any CPU
		{F48C9DF2-01BB-47E3-B970-0546D3F579ED}.Debug|iPhone.ActiveCfg = Debug|Any CPU
		{F48C9DF2-01BB-47E3-B970-0546D3F579ED}.Debug|iPhone.Build.0 = Debug|Any CPU
		{F48C9DF2-01BB-47E3-B970-0546D3F579ED}.Debug|iPhone.Deploy.0 = Debug|Any CPU
		{F48C9DF2-01BB-47E3-B970-0546D3F579ED}.Debug|iPhoneSimulator.ActiveCfg = Debug|Any CPU
		{F48C9DF2-01BB-47E3-B970-0546D3F579ED}.Debug|iPhoneSimulator.Build.0 = Debug|Any CPU
		{F48C9DF2-01BB-47E3-B970-0546D3F579ED}.Debug|iPhoneSimulator.Deploy.0 = Debug|Any CPU
		{F48C9DF2-01BB-47E3-B970-0546D3F579ED}.Debug|x64.ActiveCfg = Debug|Any CPU
		{F48C9DF2-01BB-47E3-B970-0546D3F579ED}.Debug|x64.Build.0 = Debug|Any CPU
		{F48C9DF2-01BB-47E3-B970-0546D3F579ED}.Debug|x64.Deploy.0 = Debug|Any CPU
		{F48C9DF2-01BB-47E3-B970-0546D3F579ED}.Debug|x86.ActiveCfg = Debug|Any CPU
		{F48C9DF2-01BB-47E3-B970-0546D3F579ED}.Debug|x86.Build.0 = Debug|Any CPU
		{F48C9DF2-01BB-47E3-B970-0546D3F579ED}.Debug|x86.Deploy.0 = Debug|Any CPU
		{F48C9DF2-01BB-47E3-B970-0546D3F579ED}.Release|Any CPU.ActiveCfg = Release|Any CPU
		{F48C9DF2-01BB-47E3-B970-0546D3F579ED}.Release|Any CPU.Build.0 = Release|Any CPU
		{F48C9DF2-01BB-47E3-B970-0546D3F579ED}.Release|Any CPU.Deploy.0 = Release|Any CPU
		{F48C9DF2-01BB-47E3-B970-0546D3F579ED}.Release|ARM.ActiveCfg = Release|Any CPU
		{F48C9DF2-01BB-47E3-B970-0546D3F579ED}.Release|ARM.Build.0 = Release|Any CPU
		{F48C9DF2-01BB-47E3-B970-0546D3F579ED}.Release|ARM.Deploy.0 = Release|Any CPU
		{F48C9DF2-01BB-47E3-B970-0546D3F579ED}.Release|iPhone.ActiveCfg = Release|Any CPU
		{F48C9DF2-01BB-47E3-B970-0546D3F579ED}.Release|iPhone.Build.0 = Release|Any CPU
		{F48C9DF2-01BB-47E3-B970-0546D3F579ED}.Release|iPhone.Deploy.0 = Release|Any CPU
		{F48C9DF2-01BB-47E3-B970-0546D3F579ED}.Release|iPhoneSimulator.ActiveCfg = Release|Any CPU
		{F48C9DF2-01BB-47E3-B970-0546D3F579ED}.Release|iPhoneSimulator.Build.0 = Release|Any CPU
		{F48C9DF2-01BB-47E3-B970-0546D3F579ED}.Release|iPhoneSimulator.Deploy.0 = Release|Any CPU
		{F48C9DF2-01BB-47E3-B970-0546D3F579ED}.Release|x64.ActiveCfg = Release|Any CPU
		{F48C9DF2-01BB-47E3-B970-0546D3F579ED}.Release|x64.Build.0 = Release|Any CPU
		{F48C9DF2-01BB-47E3-B970-0546D3F579ED}.Release|x64.Deploy.0 = Release|Any CPU
		{F48C9DF2-01BB-47E3-B970-0546D3F579ED}.Release|x86.ActiveCfg = Release|Any CPU
		{F48C9DF2-01BB-47E3-B970-0546D3F579ED}.Release|x86.Build.0 = Release|Any CPU
		{F48C9DF2-01BB-47E3-B970-0546D3F579ED}.Release|x86.Deploy.0 = Release|Any CPU
		{801FE014-13E1-46B3-BDF6-1B89101CABEA}.Debug|Any CPU.ActiveCfg = Debug|iPhone
		{801FE014-13E1-46B3-BDF6-1B89101CABEA}.Debug|Any CPU.Build.0 = Debug|iPhone
		{801FE014-13E1-46B3-BDF6-1B89101CABEA}.Debug|Any CPU.Deploy.0 = Debug|iPhone
		{801FE014-13E1-46B3-BDF6-1B89101CABEA}.Debug|ARM.ActiveCfg = Debug|iPhoneSimulator
		{801FE014-13E1-46B3-BDF6-1B89101CABEA}.Debug|ARM.Build.0 = Debug|iPhoneSimulator
		{801FE014-13E1-46B3-BDF6-1B89101CABEA}.Debug|ARM.Deploy.0 = Debug|iPhoneSimulator
		{801FE014-13E1-46B3-BDF6-1B89101CABEA}.Debug|iPhone.ActiveCfg = Debug|iPhone
		{801FE014-13E1-46B3-BDF6-1B89101CABEA}.Debug|iPhone.Build.0 = Debug|iPhone
		{801FE014-13E1-46B3-BDF6-1B89101CABEA}.Debug|iPhone.Deploy.0 = Debug|iPhone
		{801FE014-13E1-46B3-BDF6-1B89101CABEA}.Debug|iPhoneSimulator.ActiveCfg = Debug|iPhoneSimulator
		{801FE014-13E1-46B3-BDF6-1B89101CABEA}.Debug|iPhoneSimulator.Build.0 = Debug|iPhoneSimulator
		{801FE014-13E1-46B3-BDF6-1B89101CABEA}.Debug|iPhoneSimulator.Deploy.0 = Debug|iPhoneSimulator
		{801FE014-13E1-46B3-BDF6-1B89101CABEA}.Debug|x64.ActiveCfg = Debug|iPhone
		{801FE014-13E1-46B3-BDF6-1B89101CABEA}.Debug|x64.Build.0 = Debug|iPhone
		{801FE014-13E1-46B3-BDF6-1B89101CABEA}.Debug|x64.Deploy.0 = Debug|iPhone
		{801FE014-13E1-46B3-BDF6-1B89101CABEA}.Debug|x86.ActiveCfg = Debug|iPhone
		{801FE014-13E1-46B3-BDF6-1B89101CABEA}.Debug|x86.Build.0 = Debug|iPhone
		{801FE014-13E1-46B3-BDF6-1B89101CABEA}.Debug|x86.Deploy.0 = Debug|iPhone
		{801FE014-13E1-46B3-BDF6-1B89101CABEA}.Release|Any CPU.ActiveCfg = Release|iPhone
		{801FE014-13E1-46B3-BDF6-1B89101CABEA}.Release|Any CPU.Build.0 = Release|iPhone
		{801FE014-13E1-46B3-BDF6-1B89101CABEA}.Release|Any CPU.Deploy.0 = Release|iPhone
		{801FE014-13E1-46B3-BDF6-1B89101CABEA}.Release|ARM.ActiveCfg = Release|iPhone
		{801FE014-13E1-46B3-BDF6-1B89101CABEA}.Release|ARM.Build.0 = Release|iPhone
		{801FE014-13E1-46B3-BDF6-1B89101CABEA}.Release|ARM.Deploy.0 = Release|iPhone
		{801FE014-13E1-46B3-BDF6-1B89101CABEA}.Release|iPhone.ActiveCfg = Release|iPhone
		{801FE014-13E1-46B3-BDF6-1B89101CABEA}.Release|iPhone.Build.0 = Release|iPhone
		{801FE014-13E1-46B3-BDF6-1B89101CABEA}.Release|iPhone.Deploy.0 = Release|iPhone
		{801FE014-13E1-46B3-BDF6-1B89101CABEA}.Release|iPhoneSimulator.ActiveCfg = Release|iPhoneSimulator
		{801FE014-13E1-46B3-BDF6-1B89101CABEA}.Release|iPhoneSimulator.Build.0 = Release|iPhoneSimulator
		{801FE014-13E1-46B3-BDF6-1B89101CABEA}.Release|iPhoneSimulator.Deploy.0 = Release|iPhoneSimulator
		{801FE014-13E1-46B3-BDF6-1B89101CABEA}.Release|x64.ActiveCfg = Release|iPhone
		{801FE014-13E1-46B3-BDF6-1B89101CABEA}.Release|x64.Build.0 = Release|iPhone
		{801FE014-13E1-46B3-BDF6-1B89101CABEA}.Release|x64.Deploy.0 = Release|iPhone
		{801FE014-13E1-46B3-BDF6-1B89101CABEA}.Release|x86.ActiveCfg = Release|iPhone
		{801FE014-13E1-46B3-BDF6-1B89101CABEA}.Release|x86.Build.0 = Release|iPhone
		{801FE014-13E1-46B3-BDF6-1B89101CABEA}.Release|x86.Deploy.0 = Release|iPhone
		{E024D6AC-AC76-48BE-A274-9EDCFD7BB0AF}.Debug|Any CPU.ActiveCfg = Debug|Any CPU
		{E024D6AC-AC76-48BE-A274-9EDCFD7BB0AF}.Debug|Any CPU.Build.0 = Debug|Any CPU
		{E024D6AC-AC76-48BE-A274-9EDCFD7BB0AF}.Debug|Any CPU.Deploy.0 = Debug|Any CPU
		{E024D6AC-AC76-48BE-A274-9EDCFD7BB0AF}.Debug|ARM.ActiveCfg = Debug|Any CPU
		{E024D6AC-AC76-48BE-A274-9EDCFD7BB0AF}.Debug|ARM.Build.0 = Debug|Any CPU
		{E024D6AC-AC76-48BE-A274-9EDCFD7BB0AF}.Debug|ARM.Deploy.0 = Debug|Any CPU
		{E024D6AC-AC76-48BE-A274-9EDCFD7BB0AF}.Debug|iPhone.ActiveCfg = Debug|Any CPU
		{E024D6AC-AC76-48BE-A274-9EDCFD7BB0AF}.Debug|iPhone.Build.0 = Debug|Any CPU
		{E024D6AC-AC76-48BE-A274-9EDCFD7BB0AF}.Debug|iPhone.Deploy.0 = Debug|Any CPU
		{E024D6AC-AC76-48BE-A274-9EDCFD7BB0AF}.Debug|iPhoneSimulator.ActiveCfg = Debug|Any CPU
		{E024D6AC-AC76-48BE-A274-9EDCFD7BB0AF}.Debug|iPhoneSimulator.Build.0 = Debug|Any CPU
		{E024D6AC-AC76-48BE-A274-9EDCFD7BB0AF}.Debug|iPhoneSimulator.Deploy.0 = Debug|Any CPU
		{E024D6AC-AC76-48BE-A274-9EDCFD7BB0AF}.Debug|x64.ActiveCfg = Debug|Any CPU
		{E024D6AC-AC76-48BE-A274-9EDCFD7BB0AF}.Debug|x64.Build.0 = Debug|Any CPU
		{E024D6AC-AC76-48BE-A274-9EDCFD7BB0AF}.Debug|x64.Deploy.0 = Debug|Any CPU
		{E024D6AC-AC76-48BE-A274-9EDCFD7BB0AF}.Debug|x86.ActiveCfg = Debug|Any CPU
		{E024D6AC-AC76-48BE-A274-9EDCFD7BB0AF}.Debug|x86.Build.0 = Debug|Any CPU
		{E024D6AC-AC76-48BE-A274-9EDCFD7BB0AF}.Debug|x86.Deploy.0 = Debug|Any CPU
		{E024D6AC-AC76-48BE-A274-9EDCFD7BB0AF}.Release|Any CPU.ActiveCfg = Release|Any CPU
		{E024D6AC-AC76-48BE-A274-9EDCFD7BB0AF}.Release|Any CPU.Build.0 = Release|Any CPU
		{E024D6AC-AC76-48BE-A274-9EDCFD7BB0AF}.Release|Any CPU.Deploy.0 = Release|Any CPU
		{E024D6AC-AC76-48BE-A274-9EDCFD7BB0AF}.Release|ARM.ActiveCfg = Release|Any CPU
		{E024D6AC-AC76-48BE-A274-9EDCFD7BB0AF}.Release|ARM.Build.0 = Release|Any CPU
		{E024D6AC-AC76-48BE-A274-9EDCFD7BB0AF}.Release|ARM.Deploy.0 = Release|Any CPU
		{E024D6AC-AC76-48BE-A274-9EDCFD7BB0AF}.Release|iPhone.ActiveCfg = Release|Any CPU
		{E024D6AC-AC76-48BE-A274-9EDCFD7BB0AF}.Release|iPhone.Build.0 = Release|Any CPU
		{E024D6AC-AC76-48BE-A274-9EDCFD7BB0AF}.Release|iPhone.Deploy.0 = Release|Any CPU
		{E024D6AC-AC76-48BE-A274-9EDCFD7BB0AF}.Release|iPhoneSimulator.ActiveCfg = Release|Any CPU
		{E024D6AC-AC76-48BE-A274-9EDCFD7BB0AF}.Release|iPhoneSimulator.Build.0 = Release|Any CPU
		{E024D6AC-AC76-48BE-A274-9EDCFD7BB0AF}.Release|iPhoneSimulator.Deploy.0 = Release|Any CPU
		{E024D6AC-AC76-48BE-A274-9EDCFD7BB0AF}.Release|x64.ActiveCfg = Release|Any CPU
		{E024D6AC-AC76-48BE-A274-9EDCFD7BB0AF}.Release|x64.Build.0 = Release|Any CPU
		{E024D6AC-AC76-48BE-A274-9EDCFD7BB0AF}.Release|x64.Deploy.0 = Release|Any CPU
		{E024D6AC-AC76-48BE-A274-9EDCFD7BB0AF}.Release|x86.ActiveCfg = Release|Any CPU
		{E024D6AC-AC76-48BE-A274-9EDCFD7BB0AF}.Release|x86.Build.0 = Release|Any CPU
		{E024D6AC-AC76-48BE-A274-9EDCFD7BB0AF}.Release|x86.Deploy.0 = Release|Any CPU
	EndGlobalSection
	GlobalSection(SolutionProperties) = preSolution
		HideSolutionNode = FALSE
	EndGlobalSection
	GlobalSection(ExtensibilityGlobals) = postSolution
		SolutionGuid = {D776E8F3-ACD0-44BE-92D2-A409B1F1A501}
	EndGlobalSection
EndGlobal
